// !$*UTF8*$!
{
	archiveVersion = 1;
	classes = {
	};
	objectVersion = 50;
	objects = {

/* Begin PBXBuildFile section */
		539CC786213DAC6E00439C54 /* AppDelegate.swift in Sources */ = {isa = PBXBuildFile; fileRef = 539CC785213DAC6E00439C54 /* AppDelegate.swift */; };
		539CC788213DAC6E00439C54 /* ViewController.swift in Sources */ = {isa = PBXBuildFile; fileRef = 539CC787213DAC6E00439C54 /* ViewController.swift */; };
		539CC78B213DAC6E00439C54 /* Main.storyboard in Resources */ = {isa = PBXBuildFile; fileRef = 539CC789213DAC6E00439C54 /* Main.storyboard */; };
		539CC78D213DAC7200439C54 /* Assets.xcassets in Resources */ = {isa = PBXBuildFile; fileRef = 539CC78C213DAC7200439C54 /* Assets.xcassets */; };
		539CC790213DAC7200439C54 /* LaunchScreen.storyboard in Resources */ = {isa = PBXBuildFile; fileRef = 539CC78E213DAC7200439C54 /* LaunchScreen.storyboard */; };
		539CC79B213DAC7200439C54 /* BlurInNavTests.swift in Sources */ = {isa = PBXBuildFile; fileRef = 539CC79A213DAC7200439C54 /* BlurInNavTests.swift */; };
		539CC7A6213DAC7300439C54 /* BlurInNavUITests.swift in Sources */ = {isa = PBXBuildFile; fileRef = 539CC7A5213DAC7300439C54 /* BlurInNavUITests.swift */; };
/* End PBXBuildFile section */

/* Begin PBXContainerItemProxy section */
		539CC797213DAC7200439C54 /* PBXContainerItemProxy */ = {
			isa = PBXContainerItemProxy;
			containerPortal = 539CC77A213DAC6D00439C54 /* Project object */;
			proxyType = 1;
			remoteGlobalIDString = 539CC781213DAC6E00439C54;
			remoteInfo = BlurInNav;
		};
		539CC7A2213DAC7300439C54 /* PBXContainerItemProxy */ = {
			isa = PBXContainerItemProxy;
			containerPortal = 539CC77A213DAC6D00439C54 /* Project object */;
			proxyType = 1;
			remoteGlobalIDString = 539CC781213DAC6E00439C54;
			remoteInfo = BlurInNav;
		};
/* End PBXContainerItemProxy section */

/* Begin PBXFileReference section */
		539CC782213DAC6E00439C54 /* BlurInNav.app */ = {isa = PBXFileReference; explicitFileType = wrapper.application; includeInIndex = 0; path = BlurInNav.app; sourceTree = BUILT_PRODUCTS_DIR; };
		539CC785213DAC6E00439C54 /* AppDelegate.swift */ = {isa = PBXFileReference; lastKnownFileType = sourcecode.swift; path = AppDelegate.swift; sourceTree = "<group>"; };
		539CC787213DAC6E00439C54 /* ViewController.swift */ = {isa = PBXFileReference; lastKnownFileType = sourcecode.swift; path = ViewController.swift; sourceTree = "<group>"; };
		539CC78A213DAC6E00439C54 /* Base */ = {isa = PBXFileReference; lastKnownFileType = file.storyboard; name = Base; path = Base.lproj/Main.storyboard; sourceTree = "<group>"; };
		539CC78C213DAC7200439C54 /* Assets.xcassets */ = {isa = PBXFileReference; lastKnownFileType = folder.assetcatalog; path = Assets.xcassets; sourceTree = "<group>"; };
		539CC78F213DAC7200439C54 /* Base */ = {isa = PBXFileReference; lastKnownFileType = file.storyboard; name = Base; path = Base.lproj/LaunchScreen.storyboard; sourceTree = "<group>"; };
		539CC791213DAC7200439C54 /* Info.plist */ = {isa = PBXFileReference; lastKnownFileType = text.plist.xml; path = Info.plist; sourceTree = "<group>"; };
		539CC796213DAC7200439C54 /* BlurInNavTests.xctest */ = {isa = PBXFileReference; explicitFileType = wrapper.cfbundle; includeInIndex = 0; path = BlurInNavTests.xctest; sourceTree = BUILT_PRODUCTS_DIR; };
		539CC79A213DAC7200439C54 /* BlurInNavTests.swift */ = {isa = PBXFileReference; lastKnownFileType = sourcecode.swift; path = BlurInNavTests.swift; sourceTree = "<group>"; };
		539CC79C213DAC7200439C54 /* Info.plist */ = {isa = PBXFileReference; lastKnownFileType = text.plist.xml; path = Info.plist; sourceTree = "<group>"; };
		539CC7A1213DAC7300439C54 /* BlurInNavUITests.xctest */ = {isa = PBXFileReference; explicitFileType = wrapper.cfbundle; includeInIndex = 0; path = BlurInNavUITests.xctest; sourceTree = BUILT_PRODUCTS_DIR; };
		539CC7A5213DAC7300439C54 /* BlurInNavUITests.swift */ = {isa = PBXFileReference; lastKnownFileType = sourcecode.swift; path = BlurInNavUITests.swift; sourceTree = "<group>"; };
		539CC7A7213DAC7300439C54 /* Info.plist */ = {isa = PBXFileReference; lastKnownFileType = text.plist.xml; path = Info.plist; sourceTree = "<group>"; };
/* End PBXFileReference section */

/* Begin PBXFrameworksBuildPhase section */
		539CC77F213DAC6E00439C54 /* Frameworks */ = {
			isa = PBXFrameworksBuildPhase;
			buildActionMask = 2147483647;
			files = (
			);
			runOnlyForDeploymentPostprocessing = 0;
		};
		539CC793213DAC7200439C54 /* Frameworks */ = {
			isa = PBXFrameworksBuildPhase;
			buildActionMask = 2147483647;
			files = (
			);
			runOnlyForDeploymentPostprocessing = 0;
		};
		539CC79E213DAC7300439C54 /* Frameworks */ = {
			isa = PBXFrameworksBuildPhase;
			buildActionMask = 2147483647;
			files = (
			);
			runOnlyForDeploymentPostprocessing = 0;
		};
/* End PBXFrameworksBuildPhase section */

/* Begin PBXGroup section */
		539CC779213DAC6D00439C54 = {
			isa = PBXGroup;
			children = (
				539CC784213DAC6E00439C54 /* BlurInNav */,
				539CC799213DAC7200439C54 /* BlurInNavTests */,
				539CC7A4213DAC7300439C54 /* BlurInNavUITests */,
				539CC783213DAC6E00439C54 /* Products */,
			);
			sourceTree = "<group>";
		};
		539CC783213DAC6E00439C54 /* Products */ = {
			isa = PBXGroup;
			children = (
				539CC782213DAC6E00439C54 /* BlurInNav.app */,
				539CC796213DAC7200439C54 /* BlurInNavTests.xctest */,
				539CC7A1213DAC7300439C54 /* BlurInNavUITests.xctest */,
			);
			name = Products;
			sourceTree = "<group>";
		};
		539CC784213DAC6E00439C54 /* BlurInNav */ = {
			isa = PBXGroup;
			children = (
				539CC785213DAC6E00439C54 /* AppDelegate.swift */,
				539CC787213DAC6E00439C54 /* ViewController.swift */,
				539CC789213DAC6E00439C54 /* Main.storyboard */,
				539CC78C213DAC7200439C54 /* Assets.xcassets */,
				539CC78E213DAC7200439C54 /* LaunchScreen.storyboard */,
				539CC791213DAC7200439C54 /* Info.plist */,
			);
			path = BlurInNav;
			sourceTree = "<group>";
		};
		539CC799213DAC7200439C54 /* BlurInNavTests */ = {
			isa = PBXGroup;
			children = (
				539CC79A213DAC7200439C54 /* BlurInNavTests.swift */,
				539CC79C213DAC7200439C54 /* Info.plist */,
			);
			path = BlurInNavTests;
			sourceTree = "<group>";
		};
		539CC7A4213DAC7300439C54 /* BlurInNavUITests */ = {
			isa = PBXGroup;
			children = (
				539CC7A5213DAC7300439C54 /* BlurInNavUITests.swift */,
				539CC7A7213DAC7300439C54 /* Info.plist */,
			);
			path = BlurInNavUITests;
			sourceTree = "<group>";
		};
/* End PBXGroup section */

/* Begin PBXNativeTarget section */
		539CC781213DAC6E00439C54 /* BlurInNav */ = {
			isa = PBXNativeTarget;
			buildConfigurationList = 539CC7AA213DAC7300439C54 /* Build configuration list for PBXNativeTarget "BlurInNav" */;
			buildPhases = (
				539CC77E213DAC6E00439C54 /* Sources */,
				539CC77F213DAC6E00439C54 /* Frameworks */,
				539CC780213DAC6E00439C54 /* Resources */,
			);
			buildRules = (
			);
			dependencies = (
			);
			name = BlurInNav;
			productName = BlurInNav;
			productReference = 539CC782213DAC6E00439C54 /* BlurInNav.app */;
			productType = "com.apple.product-type.application";
		};
		539CC795213DAC7200439C54 /* BlurInNavTests */ = {
			isa = PBXNativeTarget;
			buildConfigurationList = 539CC7AD213DAC7300439C54 /* Build configuration list for PBXNativeTarget "BlurInNavTests" */;
			buildPhases = (
				539CC792213DAC7200439C54 /* Sources */,
				539CC793213DAC7200439C54 /* Frameworks */,
				539CC794213DAC7200439C54 /* Resources */,
			);
			buildRules = (
			);
			dependencies = (
				539CC798213DAC7200439C54 /* PBXTargetDependency */,
			);
			name = BlurInNavTests;
			productName = BlurInNavTests;
			productReference = 539CC796213DAC7200439C54 /* BlurInNavTests.xctest */;
			productType = "com.apple.product-type.bundle.unit-test";
		};
		539CC7A0213DAC7300439C54 /* BlurInNavUITests */ = {
			isa = PBXNativeTarget;
			buildConfigurationList = 539CC7B0213DAC7300439C54 /* Build configuration list for PBXNativeTarget "BlurInNavUITests" */;
			buildPhases = (
				539CC79D213DAC7300439C54 /* Sources */,
				539CC79E213DAC7300439C54 /* Frameworks */,
				539CC79F213DAC7300439C54 /* Resources */,
			);
			buildRules = (
			);
			dependencies = (
				539CC7A3213DAC7300439C54 /* PBXTargetDependency */,
			);
			name = BlurInNavUITests;
			productName = BlurInNavUITests;
			productReference = 539CC7A1213DAC7300439C54 /* BlurInNavUITests.xctest */;
			productType = "com.apple.product-type.bundle.ui-testing";
		};
/* End PBXNativeTarget section */

/* Begin PBXProject section */
		539CC77A213DAC6D00439C54 /* Project object */ = {
			isa = PBXProject;
			attributes = {
				LastSwiftUpdateCheck = 0940;
				LastUpgradeCheck = 0940;
				ORGANIZATIONNAME = VicktorManuel;
				TargetAttributes = {
					539CC781213DAC6E00439C54 = {
						CreatedOnToolsVersion = 9.4.1;
					};
					539CC795213DAC7200439C54 = {
						CreatedOnToolsVersion = 9.4.1;
						TestTargetID = 539CC781213DAC6E00439C54;
					};
					539CC7A0213DAC7300439C54 = {
						CreatedOnToolsVersion = 9.4.1;
						TestTargetID = 539CC781213DAC6E00439C54;
					};
				};
			};
			buildConfigurationList = 539CC77D213DAC6D00439C54 /* Build configuration list for PBXProject "BlurInNav" */;
			compatibilityVersion = "Xcode 9.3";
			developmentRegion = en;
			hasScannedForEncodings = 0;
			knownRegions = (
				en,
				Base,
			);
			mainGroup = 539CC779213DAC6D00439C54;
			productRefGroup = 539CC783213DAC6E00439C54 /* Products */;
			projectDirPath = "";
			projectRoot = "";
			targets = (
				539CC781213DAC6E00439C54 /* BlurInNav */,
				539CC795213DAC7200439C54 /* BlurInNavTests */,
				539CC7A0213DAC7300439C54 /* BlurInNavUITests */,
			);
		};
/* End PBXProject section */

/* Begin PBXResourcesBuildPhase section */
		539CC780213DAC6E00439C54 /* Resources */ = {
			isa = PBXResourcesBuildPhase;
			buildActionMask = 2147483647;
			files = (
				539CC790213DAC7200439C54 /* LaunchScreen.storyboard in Resources */,
				539CC78D213DAC7200439C54 /* Assets.xcassets in Resources */,
				539CC78B213DAC6E00439C54 /* Main.storyboard in Resources */,
			);
			runOnlyForDeploymentPostprocessing = 0;
		};
		539CC794213DAC7200439C54 /* Resources */ = {
			isa = PBXResourcesBuildPhase;
			buildActionMask = 2147483647;
			files = (
			);
			runOnlyForDeploymentPostprocessing = 0;
		};
		539CC79F213DAC7300439C54 /* Resources */ = {
			isa = PBXResourcesBuildPhase;
			buildActionMask = 2147483647;
			files = (
			);
			runOnlyForDeploymentPostprocessing = 0;
		};
/* End PBXResourcesBuildPhase section */

/* Begin PBXSourcesBuildPhase section */
		539CC77E213DAC6E00439C54 /* Sources */ = {
			isa = PBXSourcesBuildPhase;
			buildActionMask = 2147483647;
			files = (
				539CC788213DAC6E00439C54 /* ViewController.swift in Sources */,
				539CC786213DAC6E00439C54 /* AppDelegate.swift in Sources */,
			);
			runOnlyForDeploymentPostprocessing = 0;
		};
		539CC792213DAC7200439C54 /* Sources */ = {
			isa = PBXSourcesBuildPhase;
			buildActionMask = 2147483647;
			files = (
				539CC79B213DAC7200439C54 /* BlurInNavTests.swift in Sources */,
			);
			runOnlyForDeploymentPostprocessing = 0;
		};
		539CC79D213DAC7300439C54 /* Sources */ = {
			isa = PBXSourcesBuildPhase;
			buildActionMask = 2147483647;
			files = (
				539CC7A6213DAC7300439C54 /* BlurInNavUITests.swift in Sources */,
			);
			runOnlyForDeploymentPostprocessing = 0;
		};
/* End PBXSourcesBuildPhase section */

/* Begin PBXTargetDependency section */
		539CC798213DAC7200439C54 /* PBXTargetDependency */ = {
			isa = PBXTargetDependency;
			target = 539CC781213DAC6E00439C54 /* BlurInNav */;
			targetProxy = 539CC797213DAC7200439C54 /* PBXContainerItemProxy */;
		};
		539CC7A3213DAC7300439C54 /* PBXTargetDependency */ = {
			isa = PBXTargetDependency;
			target = 539CC781213DAC6E00439C54 /* BlurInNav */;
			targetProxy = 539CC7A2213DAC7300439C54 /* PBXContainerItemProxy */;
		};
/* End PBXTargetDependency section */

/* Begin PBXVariantGroup section */
		539CC789213DAC6E00439C54 /* Main.storyboard */ = {
			isa = PBXVariantGroup;
			children = (
				539CC78A213DAC6E00439C54 /* Base */,
			);
			name = Main.storyboard;
			sourceTree = "<group>";
		};
		539CC78E213DAC7200439C54 /* LaunchScreen.storyboard */ = {
			isa = PBXVariantGroup;
			children = (
				539CC78F213DAC7200439C54 /* Base */,
			);
			name = LaunchScreen.storyboard;
			sourceTree = "<group>";
		};
/* End PBXVariantGroup section */

/* Begin XCBuildConfiguration section */
		539CC7A8213DAC7300439C54 /* Debug */ = {
			isa = XCBuildConfiguration;
			buildSettings = {
				ALWAYS_SEARCH_USER_PATHS = NO;
				CLANG_ANALYZER_NONNULL = YES;
				CLANG_ANALYZER_NUMBER_OBJECT_CONVERSION = YES_AGGRESSIVE;
				CLANG_CXX_LANGUAGE_STANDARD = "gnu++14";
				CLANG_CXX_LIBRARY = "libc++";
				CLANG_ENABLE_MODULES = YES;
				CLANG_ENABLE_OBJC_ARC = YES;
				CLANG_ENABLE_OBJC_WEAK = YES;
				CLANG_WARN_BLOCK_CAPTURE_AUTORELEASING = YES;
				CLANG_WARN_BOOL_CONVERSION = YES;
				CLANG_WARN_COMMA = YES;
				CLANG_WARN_CONSTANT_CONVERSION = YES;
				CLANG_WARN_DEPRECATED_OBJC_IMPLEMENTATIONS = YES;
				CLANG_WARN_DIRECT_OBJC_ISA_USAGE = YES_ERROR;
				CLANG_WARN_DOCUMENTATION_COMMENTS = YES;
				CLANG_WARN_EMPTY_BODY = YES;
				CLANG_WARN_ENUM_CONVERSION = YES;
				CLANG_WARN_INFINITE_RECURSION = YES;
				CLANG_WARN_INT_CONVERSION = YES;
				CLANG_WARN_NON_LITERAL_NULL_CONVERSION = YES;
				CLANG_WARN_OBJC_IMPLICIT_RETAIN_SELF = YES;
				CLANG_WARN_OBJC_LITERAL_CONVERSION = YES;
				CLANG_WARN_OBJC_ROOT_CLASS = YES_ERROR;
				CLANG_WARN_RANGE_LOOP_ANALYSIS = YES;
				CLANG_WARN_STRICT_PROTOTYPES = YES;
				CLANG_WARN_SUSPICIOUS_MOVE = YES;
				CLANG_WARN_UNGUARDED_AVAILABILITY = YES_AGGRESSIVE;
				CLANG_WARN_UNREACHABLE_CODE = YES;
				CLANG_WARN__DUPLICATE_METHOD_MATCH = YES;
				CODE_SIGN_IDENTITY = "iPhone Developer";
				COPY_PHASE_STRIP = NO;
				DEBUG_INFORMATION_FORMAT = dwarf;
				ENABLE_STRICT_OBJC_MSGSEND = YES;
				ENABLE_TESTABILITY = YES;
				GCC_C_LANGUAGE_STANDARD = gnu11;
				GCC_DYNAMIC_NO_PIC = NO;
				GCC_NO_COMMON_BLOCKS = YES;
				GCC_OPTIMIZATION_LEVEL = 0;
				GCC_PREPROCESSOR_DEFINITIONS = (
					"DEBUG=1",
					"$(inherited)",
				);
				GCC_WARN_64_TO_32_BIT_CONVERSION = YES;
				GCC_WARN_ABOUT_RETURN_TYPE = YES_ERROR;
				GCC_WARN_UNDECLARED_SELECTOR = YES;
				GCC_WARN_UNINITIALIZED_AUTOS = YES_AGGRESSIVE;
				GCC_WARN_UNUSED_FUNCTION = YES;
				GCC_WARN_UNUSED_VARIABLE = YES;
				IPHONEOS_DEPLOYMENT_TARGET = 11.4;
				MTL_ENABLE_DEBUG_INFO = YES;
				ONLY_ACTIVE_ARCH = YES;
				SDKROOT = iphoneos;
				SWIFT_ACTIVE_COMPILATION_CONDITIONS = DEBUG;
				SWIFT_OPTIMIZATION_LEVEL = "-Onone";
			};
			name = Debug;
		};
		539CC7A9213DAC7300439C54 /* Release */ = {
			isa = XCBuildConfiguration;
			buildSettings = {
				ALWAYS_SEARCH_USER_PATHS = NO;
				CLANG_ANALYZER_NONNULL = YES;
				CLANG_ANALYZER_NUMBER_OBJECT_CONVERSION = YES_AGGRESSIVE;
				CLANG_CXX_LANGUAGE_STANDARD = "gnu++14";
				CLANG_CXX_LIBRARY = "libc++";
				CLANG_ENABLE_MODULES = YES;
				CLANG_ENABLE_OBJC_ARC = YES;
				CLANG_ENABLE_OBJC_WEAK = YES;
				CLANG_WARN_BLOCK_CAPTURE_AUTORELEASING = YES;
				CLANG_WARN_BOOL_CONVERSION = YES;
				CLANG_WARN_COMMA = YES;
				CLANG_WARN_CONSTANT_CONVERSION = YES;
				CLANG_WARN_DEPRECATED_OBJC_IMPLEMENTATIONS = YES;
				CLANG_WARN_DIRECT_OBJC_ISA_USAGE = YES_ERROR;
				CLANG_WARN_DOCUMENTATION_COMMENTS = YES;
				CLANG_WARN_EMPTY_BODY = YES;
				CLANG_WARN_ENUM_CONVERSION = YES;
				CLANG_WARN_INFINITE_RECURSION = YES;
				CLANG_WARN_INT_CONVERSION = YES;
				CLANG_WARN_NON_LITERAL_NULL_CONVERSION = YES;
				CLANG_WARN_OBJC_IMPLICIT_RETAIN_SELF = YES;
				CLANG_WARN_OBJC_LITERAL_CONVERSION = YES;
				CLANG_WARN_OBJC_ROOT_CLASS = YES_ERROR;
				CLANG_WARN_RANGE_LOOP_ANALYSIS = YES;
				CLANG_WARN_STRICT_PROTOTYPES = YES;
				CLANG_WARN_SUSPICIOUS_MOVE = YES;
				CLANG_WARN_UNGUARDED_AVAILABILITY = YES_AGGRESSIVE;
				CLANG_WARN_UNREACHABLE_CODE = YES;
				CLANG_WARN__DUPLICATE_METHOD_MATCH = YES;
				CODE_SIGN_IDENTITY = "iPhone Developer";
				COPY_PHASE_STRIP = NO;
				DEBUG_INFORMATION_FORMAT = "dwarf-with-dsym";
				ENABLE_NS_ASSERTIONS = NO;
				ENABLE_STRICT_OBJC_MSGSEND = YES;
				GCC_C_LANGUAGE_STANDARD = gnu11;
				GCC_NO_COMMON_BLOCKS = YES;
				GCC_WARN_64_TO_32_BIT_CONVERSION = YES;
				GCC_WARN_ABOUT_RETURN_TYPE = YES_ERROR;
				GCC_WARN_UNDECLARED_SELECTOR = YES;
				GCC_WARN_UNINITIALIZED_AUTOS = YES_AGGRESSIVE;
				GCC_WARN_UNUSED_FUNCTION = YES;
				GCC_WARN_UNUSED_VARIABLE = YES;
				IPHONEOS_DEPLOYMENT_TARGET = 11.4;
				MTL_ENABLE_DEBUG_INFO = NO;
				SDKROOT = iphoneos;
				SWIFT_COMPILATION_MODE = wholemodule;
				SWIFT_OPTIMIZATION_LEVEL = "-O";
				VALIDATE_PRODUCT = YES;
			};
			name = Release;
		};
		539CC7AB213DAC7300439C54 /* Debug */ = {
			isa = XCBuildConfiguration;
			buildSettings = {
				ASSETCATALOG_COMPILER_APPICON_NAME = AppIcon;
				CODE_SIGN_STYLE = Automatic;
				DEVELOPMENT_TEAM = UFL2WNBTT3;
				INFOPLIST_FILE = BlurInNav/Info.plist;
				LD_RUNPATH_SEARCH_PATHS = (
					"$(inherited)",
					"@executable_path/Frameworks",
				);
				PRODUCT_BUNDLE_IDENTIFIER = com.azcatl.BlurInNav;
				PRODUCT_NAME = "$(TARGET_NAME)";
				SWIFT_VERSION = 4.0;
				TARGETED_DEVICE_FAMILY = "1,2";
			};
			name = Debug;
		};
		539CC7AC213DAC7300439C54 /* Release */ = {
			isa = XCBuildConfiguration;
			buildSettings = {
				ASSETCATALOG_COMPILER_APPICON_NAME = AppIcon;
				CODE_SIGN_STYLE = Automatic;
				DEVELOPMENT_TEAM = UFL2WNBTT3;
				INFOPLIST_FILE = BlurInNav/Info.plist;
				LD_RUNPATH_SEARCH_PATHS = (
					"$(inherited)",
					"@executable_path/Frameworks",
				);
				PRODUCT_BUNDLE_IDENTIFIER = com.azcatl.BlurInNav;
				PRODUCT_NAME = "$(TARGET_NAME)";
				SWIFT_VERSION = 4.0;
				TARGETED_DEVICE_FAMILY = "1,2";
			};
			name = Release;
		};
		539CC7AE213DAC7300439C54 /* Debug */ = {
			isa = XCBuildConfiguration;
			buildSettings = {
				ALWAYS_EMBED_SWIFT_STANDARD_LIBRARIES = YES;
				BUNDLE_LOADER = "$(TEST_HOST)";
				CODE_SIGN_STYLE = Automatic;
				DEVELOPMENT_TEAM = UFL2WNBTT3;
				INFOPLIST_FILE = BlurInNavTests/Info.plist;
				LD_RUNPATH_SEARCH_PATHS = (
					"$(inherited)",
					"@executable_path/Frameworks",
					"@loader_path/Frameworks",
				);
				PRODUCT_BUNDLE_IDENTIFIER = com.azcatl.BlurInNavTests;
				PRODUCT_NAME = "$(TARGET_NAME)";
				SWIFT_VERSION = 4.0;
				TARGETED_DEVICE_FAMILY = "1,2";
				TEST_HOST = "$(BUILT_PRODUCTS_DIR)/BlurInNav.app/BlurInNav";
			};
			name = Debug;
		};
		539CC7AF213DAC7300439C54 /* Release */ = {
			isa = XCBuildConfiguration;
			buildSettings = {
				ALWAYS_EMBED_SWIFT_STANDARD_LIBRARIES = YES;
				BUNDLE_LOADER = "$(TEST_HOST)";
				CODE_SIGN_STYLE = Automatic;
				DEVELOPMENT_TEAM = UFL2WNBTT3;
				INFOPLIST_FILE = BlurInNavTests/Info.plist;
				LD_RUNPATH_SEARCH_PATHS = (
					"$(inherited)",
					"@executable_path/Frameworks",
					"@loader_path/Frameworks",
				);
				PRODUCT_BUNDLE_IDENTIFIER = com.azcatl.BlurInNavTests;
				PRODUCT_NAME = "$(TARGET_NAME)";
				SWIFT_VERSION = 4.0;
				TARGETED_DEVICE_FAMILY = "1,2";
				TEST_HOST = "$(BUILT_PRODUCTS_DIR)/BlurInNav.app/BlurInNav";
			};
			name = Release;
		};
		539CC7B1213DAC7300439C54 /* Debug */ = {
			isa = XCBuildConfiguration;
			buildSettings = {
				ALWAYS_EMBED_SWIFT_STANDARD_LIBRARIES = YES;
				CODE_SIGN_STYLE = Automatic;
				DEVELOPMENT_TEAM = UFL2WNBTT3;
				INFOPLIST_FILE = BlurInNavUITests/Info.plist;
				LD_RUNPATH_SEARCH_PATHS = (
					"$(inherited)",
					"@executable_path/Frameworks",
					"@loader_path/Frameworks",
				);
				PRODUCT_BUNDLE_IDENTIFIER = com.azcatl.BlurInNavUITests;
				PRODUCT_NAME = "$(TARGET_NAME)";
				SWIFT_VERSION = 4.0;
				TARGETED_DEVICE_FAMILY = "1,2";
				TEST_TARGET_NAME = BlurInNav;
			};
			name = Debug;
		};
		539CC7B2213DAC7300439C54 /* Release */ = {
			isa = XCBuildConfiguration;
			buildSettings = {
				ALWAYS_EMBED_SWIFT_STANDARD_LIBRARIES = YES;
				CODE_SIGN_STYLE = Automatic;
				DEVELOPMENT_TEAM = UFL2WNBTT3;
				INFOPLIST_FILE = BlurInNavUITests/Info.plist;
				LD_RUNPATH_SEARCH_PATHS = (
					"$(inherited)",
					"@executable_path/Frameworks",
					"@loader_path/Frameworks",
				);
				PRODUCT_BUNDLE_IDENTIFIER = com.azcatl.BlurInNavUITests;
				PRODUCT_NAME = "$(TARGET_NAME)";
				SWIFT_VERSION = 4.0;
				TARGETED_DEVICE_FAMILY = "1,2";
				TEST_TARGET_NAME = BlurInNav;
			};
			name = Release;
		};
/* End XCBuildConfiguration section */

/* Begin XCConfigurationList section */
		539CC77D213DAC6D00439C54 /* Build configuration list for PBXProject "BlurInNav" */ = {
			isa = XCConfigurationList;
			buildConfigurations = (
				539CC7A8213DAC7300439C54 /* Debug */,
				539CC7A9213DAC7300439C54 /* Release */,
			);
			defaultConfigurationIsVisible = 0;
			defaultConfigurationName = Release;
		};
		539CC7AA213DAC7300439C54 /* Build configuration list for PBXNativeTarget "BlurInNav" */ = {
			isa = XCConfigurationList;
			buildConfigurations = (
				539CC7AB213DAC7300439C54 /* Debug */,
				539CC7AC213DAC7300439C54 /* Release */,
			);
			defaultConfigurationIsVisible = 0;
			defaultConfigurationName = Release;
		};
		539CC7AD213DAC7300439C54 /* Build configuration list for PBXNativeTarget "BlurInNavTests" */ = {
			isa = XCConfigurationList;
			buildConfigurations = (
				539CC7AE213DAC7300439C54 /* Debug */,
				539CC7AF213DAC7300439C54 /* Release */,
			);
			defaultConfigurationIsVisible = 0;
			defaultConfigurationName = Release;
		};
		539CC7B0213DAC7300439C54 /* Build configuration list for PBXNativeTarget "BlurInNavUITests" */ = {
			isa = XCConfigurationList;
			buildConfigurations = (
				539CC7B1213DAC7300439C54 /* Debug */,
				539CC7B2213DAC7300439C54 /* Release */,
			);
			defaultConfigurationIsVisible = 0;
			defaultConfigurationName = Release;
		};
/* End XCConfigurationList section */
	};
	rootObject = 539CC77A213DAC6D00439C54 /* Project object */;
}
